
Microsoft Visual Studio Solution File, Format Version 12.00
# Visual Studio Version 17
VisualStudioVersion = 17.9.34622.214
MinimumVisualStudioVersion = 10.0.40219.1
Project("{FAE04EC0-301F-11D3-BF4B-00C04F79EFBC}") = "Api", "Api\Api.csproj", "{2FEF1FA1-A5E3-4845-B095-3FCCDEACF31D}"
EndProject
Project("{FAE04EC0-301F-11D3-BF4B-00C04F79EFBC}") = "Amazon", "Amazon\Amazon.csproj", "{D49DF36B-25AB-4EE7-8870-C65963FB0879}"
EndProject
Global
	GlobalSection(SolutionConfigurationPlatforms) = preSolution
		Debug|Any CPU = Debug|Any CPU
		Release|Any CPU = Release|Any CPU
	EndGlobalSection
	GlobalSection(ProjectConfigurationPlatforms) = postSolution
		{2FEF1FA1-A5E3-4845-B095-3FCCDEACF31D}.Debug|Any CPU.ActiveCfg = Debug|Any CPU
		{2FEF1FA1-A5E3-4845-B095-3FCCDEACF31D}.Debug|Any CPU.Build.0 = Debug|Any CPU
		{2FEF1FA1-A5E3-4845-B095-3FCCDEACF31D}.Release|Any CPU.ActiveCfg = Release|Any CPU
		{2FEF1FA1-A5E3-4845-B095-3FCCDEACF31D}.Release|Any CPU.Build.0 = Release|Any CPU
		{D49DF36B-25AB-4EE7-8870-C65963FB0879}.Debug|Any CPU.ActiveCfg = Debug|Any CPU
		{D49DF36B-25AB-4EE7-8870-C65963FB0879}.Debug|Any CPU.Build.0 = Debug|Any CPU
		{D49DF36B-25AB-4EE7-8870-C65963FB0879}.Release|Any CPU.ActiveCfg = Release|Any CPU
		{D49DF36B-25AB-4EE7-8870-C65963FB0879}.Release|Any CPU.Build.0 = Release|Any CPU
	EndGlobalSection
	GlobalSection(SolutionProperties) = preSolution
		HideSolutionNode = FALSE
	EndGlobalSection
	GlobalSection(ExtensibilityGlobals) = postSolution
		SolutionGuid = {538C9CBA-A560-429B-A215-9BF20C522F13}
	EndGlobalSection
EndGlobal
